
Microsoft Visual Studio Solution File, Format Version 12.00
# Visual Studio Version 17
VisualStudioVersion = 17.2.32630.192
MinimumVisualStudioVersion = 10.0.40219.1
Project("{FAE04EC0-301F-11D3-BF4B-00C04F79EFBC}") = "Lab1", "Lab1\Lab1.csproj", "{96D4D4A9-5452-47BF-A311-AEC08C0BB85B}"
EndProject
Global
	GlobalSection(SolutionConfigurationPlatforms) = preSolution
		Debug|Any CPU = Debug|Any CPU
		Release|Any CPU = Release|Any CPU
	EndGlobalSection
	GlobalSection(ProjectConfigurationPlatforms) = postSolution
		{96D4D4A9-5452-47BF-A311-AEC08C0BB85B}.Debug|Any CPU.ActiveCfg = Debug|Any CPU
		{96D4D4A9-5452-47BF-A311-AEC08C0BB85B}.Debug|Any CPU.Build.0 = Debug|Any CPU
		{96D4D4A9-5452-47BF-A311-AEC08C0BB85B}.Release|Any CPU.ActiveCfg = Release|Any CPU
		{96D4D4A9-5452-47BF-A311-AEC08C0BB85B}.Release|Any CPU.Build.0 = Release|Any CPU
	EndGlobalSection
	GlobalSection(SolutionProperties) = preSolution
		HideSolutionNode = FALSE
	EndGlobalSection
	GlobalSection(ExtensibilityGlobals) = postSolution
		SolutionGuid = {9F4924ED-5E10-4776-8D79-42CDE9A6BAF7}
	EndGlobalSection
EndGlobal
